// !$*UTF8*$!
{
	archiveVersion = 1;
	classes = {
	};
	objectVersion = 46;
	objects = {

/* Begin PBXBuildFile section */
		6B68002A1AD350BE00A53032 /* main.m in Sources */ = {isa = PBXBuildFile; fileRef = 6B6800291AD350BE00A53032 /* main.m */; };
		6B68002D1AD350BE00A53032 /* AppDelegate.m in Sources */ = {isa = PBXBuildFile; fileRef = 6B68002C1AD350BE00A53032 /* AppDelegate.m */; };
		6B6800301AD350BE00A53032 /* ViewController.m in Sources */ = {isa = PBXBuildFile; fileRef = 6B68002F1AD350BE00A53032 /* ViewController.m */; };
		6B6800331AD350BE00A53032 /* Main.storyboard in Resources */ = {isa = PBXBuildFile; fileRef = 6B6800311AD350BE00A53032 /* Main.storyboard */; };
		6B6800351AD350BE00A53032 /* Images.xcassets in Resources */ = {isa = PBXBuildFile; fileRef = 6B6800341AD350BE00A53032 /* Images.xcassets */; };
		6B6800381AD350BE00A53032 /* LaunchScreen.xib in Resources */ = {isa = PBXBuildFile; fileRef = 6B6800361AD350BE00A53032 /* LaunchScreen.xib */; };
		6B6800441AD350BE00A53032 /* POC_ParsePhotoTests.m in Sources */ = {isa = PBXBuildFile; fileRef = 6B6800431AD350BE00A53032 /* POC_ParsePhotoTests.m */; };
		6B6800541AD350DC00A53032 /* Bolts.framework in Frameworks */ = {isa = PBXBuildFile; fileRef = 6B68004E1AD350DC00A53032 /* Bolts.framework */; };
		6B6800551AD350DC00A53032 /* Parse.framework in Frameworks */ = {isa = PBXBuildFile; fileRef = 6B68004F1AD350DC00A53032 /* Parse.framework */; };
		6B6800561AD350DC00A53032 /* ParseCrashReporting.framework in Frameworks */ = {isa = PBXBuildFile; fileRef = 6B6800501AD350DC00A53032 /* ParseCrashReporting.framework */; };
		6B6800571AD350DC00A53032 /* ParseFacebookUtils.framework in Frameworks */ = {isa = PBXBuildFile; fileRef = 6B6800511AD350DC00A53032 /* ParseFacebookUtils.framework */; };
		6B6800581AD350DC00A53032 /* ParseFacebookUtilsV4.framework in Frameworks */ = {isa = PBXBuildFile; fileRef = 6B6800521AD350DC00A53032 /* ParseFacebookUtilsV4.framework */; };
		6B6800591AD350DC00A53032 /* ParseUI.framework in Frameworks */ = {isa = PBXBuildFile; fileRef = 6B6800531AD350DC00A53032 /* ParseUI.framework */; };
		6B68005B1AD3527600A53032 /* AudioToolbox.framework in Frameworks */ = {isa = PBXBuildFile; fileRef = 6B68005A1AD3527600A53032 /* AudioToolbox.framework */; };
		6B68005F1AD3535C00A53032 /* CFNetwork.framework in Frameworks */ = {isa = PBXBuildFile; fileRef = 6B68005C1AD3535C00A53032 /* CFNetwork.framework */; };
		6B6800601AD3535C00A53032 /* CoreGraphics.framework in Frameworks */ = {isa = PBXBuildFile; fileRef = 6B68005D1AD3535C00A53032 /* CoreGraphics.framework */; };
		6B6800611AD3535C00A53032 /* CoreLocation.framework in Frameworks */ = {isa = PBXBuildFile; fileRef = 6B68005E1AD3535C00A53032 /* CoreLocation.framework */; };
		6B6800671AD3538C00A53032 /* MobileCoreServices.framework in Frameworks */ = {isa = PBXBuildFile; fileRef = 6B6800621AD3538C00A53032 /* MobileCoreServices.framework */; };
		6B6800681AD3538C00A53032 /* QuartzCore.framework in Frameworks */ = {isa = PBXBuildFile; fileRef = 6B6800631AD3538C00A53032 /* QuartzCore.framework */; };
		6B6800691AD3538C00A53032 /* Security.framework in Frameworks */ = {isa = PBXBuildFile; fileRef = 6B6800641AD3538C00A53032 /* Security.framework */; };
		6B68006A1AD3538C00A53032 /* StoreKit.framework in Frameworks */ = {isa = PBXBuildFile; fileRef = 6B6800651AD3538C00A53032 /* StoreKit.framework */; };
		6B68006B1AD3538C00A53032 /* SystemConfiguration.framework in Frameworks */ = {isa = PBXBuildFile; fileRef = 6B6800661AD3538C00A53032 /* SystemConfiguration.framework */; };
		6B68006E1AD353B300A53032 /* libsqlite3.dylib in Frameworks */ = {isa = PBXBuildFile; fileRef = 6B68006C1AD353B300A53032 /* libsqlite3.dylib */; };
		6B68006F1AD353B300A53032 /* libz.dylib in Frameworks */ = {isa = PBXBuildFile; fileRef = 6B68006D1AD353B300A53032 /* libz.dylib */; };
		6B6800721AD4199500A53032 /* PCPhoto.m in Sources */ = {isa = PBXBuildFile; fileRef = 6B6800711AD4199500A53032 /* PCPhoto.m */; };
/* End PBXBuildFile section */

/* Begin PBXContainerItemProxy section */
		6B68003E1AD350BE00A53032 /* PBXContainerItemProxy */ = {
			isa = PBXContainerItemProxy;
			containerPortal = 6B68001C1AD350BE00A53032 /* Project object */;
			proxyType = 1;
			remoteGlobalIDString = 6B6800231AD350BE00A53032;
			remoteInfo = POC_ParsePhoto;
		};
/* End PBXContainerItemProxy section */

/* Begin PBXFileReference section */
		6B6800241AD350BE00A53032 /* POC_ParsePhoto.app */ = {isa = PBXFileReference; explicitFileType = wrapper.application; includeInIndex = 0; path = POC_ParsePhoto.app; sourceTree = BUILT_PRODUCTS_DIR; };
		6B6800281AD350BE00A53032 /* Info.plist */ = {isa = PBXFileReference; lastKnownFileType = text.plist.xml; path = Info.plist; sourceTree = "<group>"; };
		6B6800291AD350BE00A53032 /* main.m */ = {isa = PBXFileReference; lastKnownFileType = sourcecode.c.objc; path = main.m; sourceTree = "<group>"; };
		6B68002B1AD350BE00A53032 /* AppDelegate.h */ = {isa = PBXFileReference; lastKnownFileType = sourcecode.c.h; path = AppDelegate.h; sourceTree = "<group>"; };
		6B68002C1AD350BE00A53032 /* AppDelegate.m */ = {isa = PBXFileReference; lastKnownFileType = sourcecode.c.objc; path = AppDelegate.m; sourceTree = "<group>"; };
		6B68002E1AD350BE00A53032 /* ViewController.h */ = {isa = PBXFileReference; lastKnownFileType = sourcecode.c.h; path = ViewController.h; sourceTree = "<group>"; };
		6B68002F1AD350BE00A53032 /* ViewController.m */ = {isa = PBXFileReference; lastKnownFileType = sourcecode.c.objc; path = ViewController.m; sourceTree = "<group>"; };
		6B6800321AD350BE00A53032 /* Base */ = {isa = PBXFileReference; lastKnownFileType = file.storyboard; name = Base; path = Base.lproj/Main.storyboard; sourceTree = "<group>"; };
		6B6800341AD350BE00A53032 /* Images.xcassets */ = {isa = PBXFileReference; lastKnownFileType = folder.assetcatalog; path = Images.xcassets; sourceTree = "<group>"; };
		6B6800371AD350BE00A53032 /* Base */ = {isa = PBXFileReference; lastKnownFileType = file.xib; name = Base; path = Base.lproj/LaunchScreen.xib; sourceTree = "<group>"; };
		6B68003D1AD350BE00A53032 /* POC_ParsePhotoTests.xctest */ = {isa = PBXFileReference; explicitFileType = wrapper.cfbundle; includeInIndex = 0; path = POC_ParsePhotoTests.xctest; sourceTree = BUILT_PRODUCTS_DIR; };
		6B6800421AD350BE00A53032 /* Info.plist */ = {isa = PBXFileReference; lastKnownFileType = text.plist.xml; path = Info.plist; sourceTree = "<group>"; };
		6B6800431AD350BE00A53032 /* POC_ParsePhotoTests.m */ = {isa = PBXFileReference; lastKnownFileType = sourcecode.c.objc; path = POC_ParsePhotoTests.m; sourceTree = "<group>"; };
		6B68004E1AD350DC00A53032 /* Bolts.framework */ = {isa = PBXFileReference; lastKnownFileType = wrapper.framework; path = Bolts.framework; sourceTree = "<group>"; };
		6B68004F1AD350DC00A53032 /* Parse.framework */ = {isa = PBXFileReference; lastKnownFileType = wrapper.framework; path = Parse.framework; sourceTree = "<group>"; };
		6B6800501AD350DC00A53032 /* ParseCrashReporting.framework */ = {isa = PBXFileReference; lastKnownFileType = wrapper.framework; path = ParseCrashReporting.framework; sourceTree = "<group>"; };
		6B6800511AD350DC00A53032 /* ParseFacebookUtils.framework */ = {isa = PBXFileReference; lastKnownFileType = wrapper.framework; path = ParseFacebookUtils.framework; sourceTree = "<group>"; };
		6B6800521AD350DC00A53032 /* ParseFacebookUtilsV4.framework */ = {isa = PBXFileReference; lastKnownFileType = wrapper.framework; path = ParseFacebookUtilsV4.framework; sourceTree = "<group>"; };
		6B6800531AD350DC00A53032 /* ParseUI.framework */ = {isa = PBXFileReference; lastKnownFileType = wrapper.framework; path = ParseUI.framework; sourceTree = "<group>"; };
		6B68005A1AD3527600A53032 /* AudioToolbox.framework */ = {isa = PBXFileReference; lastKnownFileType = wrapper.framework; name = AudioToolbox.framework; path = System/Library/Frameworks/AudioToolbox.framework; sourceTree = SDKROOT; };
		6B68005C1AD3535C00A53032 /* CFNetwork.framework */ = {isa = PBXFileReference; lastKnownFileType = wrapper.framework; name = CFNetwork.framework; path = System/Library/Frameworks/CFNetwork.framework; sourceTree = SDKROOT; };
		6B68005D1AD3535C00A53032 /* CoreGraphics.framework */ = {isa = PBXFileReference; lastKnownFileType = wrapper.framework; name = CoreGraphics.framework; path = System/Library/Frameworks/CoreGraphics.framework; sourceTree = SDKROOT; };
		6B68005E1AD3535C00A53032 /* CoreLocation.framework */ = {isa = PBXFileReference; lastKnownFileType = wrapper.framework; name = CoreLocation.framework; path = System/Library/Frameworks/CoreLocation.framework; sourceTree = SDKROOT; };
		6B6800621AD3538C00A53032 /* MobileCoreServices.framework */ = {isa = PBXFileReference; lastKnownFileType = wrapper.framework; name = MobileCoreServices.framework; path = System/Library/Frameworks/MobileCoreServices.framework; sourceTree = SDKROOT; };
		6B6800631AD3538C00A53032 /* QuartzCore.framework */ = {isa = PBXFileReference; lastKnownFileType = wrapper.framework; name = QuartzCore.framework; path = System/Library/Frameworks/QuartzCore.framework; sourceTree = SDKROOT; };
		6B6800641AD3538C00A53032 /* Security.framework */ = {isa = PBXFileReference; lastKnownFileType = wrapper.framework; name = Security.framework; path = System/Library/Frameworks/Security.framework; sourceTree = SDKROOT; };
		6B6800651AD3538C00A53032 /* StoreKit.framework */ = {isa = PBXFileReference; lastKnownFileType = wrapper.framework; name = StoreKit.framework; path = System/Library/Frameworks/StoreKit.framework; sourceTree = SDKROOT; };
		6B6800661AD3538C00A53032 /* SystemConfiguration.framework */ = {isa = PBXFileReference; lastKnownFileType = wrapper.framework; name = SystemConfiguration.framework; path = System/Library/Frameworks/SystemConfiguration.framework; sourceTree = SDKROOT; };
		6B68006C1AD353B300A53032 /* libsqlite3.dylib */ = {isa = PBXFileReference; lastKnownFileType = "compiled.mach-o.dylib"; name = libsqlite3.dylib; path = usr/lib/libsqlite3.dylib; sourceTree = SDKROOT; };
		6B68006D1AD353B300A53032 /* libz.dylib */ = {isa = PBXFileReference; lastKnownFileType = "compiled.mach-o.dylib"; name = libz.dylib; path = usr/lib/libz.dylib; sourceTree = SDKROOT; };
		6B6800701AD4199500A53032 /* PCPhoto.h */ = {isa = PBXFileReference; fileEncoding = 4; lastKnownFileType = sourcecode.c.h; path = PCPhoto.h; sourceTree = "<group>"; };
		6B6800711AD4199500A53032 /* PCPhoto.m */ = {isa = PBXFileReference; fileEncoding = 4; lastKnownFileType = sourcecode.c.objc; path = PCPhoto.m; sourceTree = "<group>"; };
/* End PBXFileReference section */

/* Begin PBXFrameworksBuildPhase section */
		6B6800211AD350BE00A53032 /* Frameworks */ = {
			isa = PBXFrameworksBuildPhase;
			buildActionMask = 2147483647;
			files = (
				6B68006E1AD353B300A53032 /* libsqlite3.dylib in Frameworks */,
				6B68006F1AD353B300A53032 /* libz.dylib in Frameworks */,
				6B6800671AD3538C00A53032 /* MobileCoreServices.framework in Frameworks */,
				6B6800681AD3538C00A53032 /* QuartzCore.framework in Frameworks */,
				6B6800691AD3538C00A53032 /* Security.framework in Frameworks */,
				6B68006A1AD3538C00A53032 /* StoreKit.framework in Frameworks */,
				6B68006B1AD3538C00A53032 /* SystemConfiguration.framework in Frameworks */,
				6B68005F1AD3535C00A53032 /* CFNetwork.framework in Frameworks */,
				6B6800601AD3535C00A53032 /* CoreGraphics.framework in Frameworks */,
				6B6800611AD3535C00A53032 /* CoreLocation.framework in Frameworks */,
				6B68005B1AD3527600A53032 /* AudioToolbox.framework in Frameworks */,
				6B6800591AD350DC00A53032 /* ParseUI.framework in Frameworks */,
				6B6800551AD350DC00A53032 /* Parse.framework in Frameworks */,
				6B6800561AD350DC00A53032 /* ParseCrashReporting.framework in Frameworks */,
				6B6800571AD350DC00A53032 /* ParseFacebookUtils.framework in Frameworks */,
				6B6800541AD350DC00A53032 /* Bolts.framework in Frameworks */,
				6B6800581AD350DC00A53032 /* ParseFacebookUtilsV4.framework in Frameworks */,
			);
			runOnlyForDeploymentPostprocessing = 0;
		};
		6B68003A1AD350BE00A53032 /* Frameworks */ = {
			isa = PBXFrameworksBuildPhase;
			buildActionMask = 2147483647;
			files = (
			);
			runOnlyForDeploymentPostprocessing = 0;
		};
/* End PBXFrameworksBuildPhase section */

/* Begin PBXGroup section */
		6B68001B1AD350BE00A53032 = {
			isa = PBXGroup;
			children = (
				6B6800701AD4199500A53032 /* PCPhoto.h */,
				6B6800711AD4199500A53032 /* PCPhoto.m */,
				6B68006C1AD353B300A53032 /* libsqlite3.dylib */,
				6B68006D1AD353B300A53032 /* libz.dylib */,
				6B6800621AD3538C00A53032 /* MobileCoreServices.framework */,
				6B6800631AD3538C00A53032 /* QuartzCore.framework */,
				6B6800641AD3538C00A53032 /* Security.framework */,
				6B6800651AD3538C00A53032 /* StoreKit.framework */,
				6B6800661AD3538C00A53032 /* SystemConfiguration.framework */,
				6B68005C1AD3535C00A53032 /* CFNetwork.framework */,
				6B68005D1AD3535C00A53032 /* CoreGraphics.framework */,
				6B68005E1AD3535C00A53032 /* CoreLocation.framework */,
				6B68005A1AD3527600A53032 /* AudioToolbox.framework */,
				6B6800261AD350BE00A53032 /* POC_ParsePhoto */,
				6B6800401AD350BE00A53032 /* POC_ParsePhotoTests */,
				6B6800251AD350BE00A53032 /* Products */,
			);
			sourceTree = "<group>";
		};
		6B6800251AD350BE00A53032 /* Products */ = {
			isa = PBXGroup;
			children = (
				6B6800241AD350BE00A53032 /* POC_ParsePhoto.app */,
				6B68003D1AD350BE00A53032 /* POC_ParsePhotoTests.xctest */,
			);
			name = Products;
			sourceTree = "<group>";
		};
		6B6800261AD350BE00A53032 /* POC_ParsePhoto */ = {
			isa = PBXGroup;
			children = (
				6B68004D1AD350DC00A53032 /* parse-library-1.7.1 */,
				6B68002B1AD350BE00A53032 /* AppDelegate.h */,
				6B68002C1AD350BE00A53032 /* AppDelegate.m */,
				6B68002E1AD350BE00A53032 /* ViewController.h */,
				6B68002F1AD350BE00A53032 /* ViewController.m */,
				6B6800311AD350BE00A53032 /* Main.storyboard */,
				6B6800341AD350BE00A53032 /* Images.xcassets */,
				6B6800361AD350BE00A53032 /* LaunchScreen.xib */,
				6B6800271AD350BE00A53032 /* Supporting Files */,
			);
			path = POC_ParsePhoto;
			sourceTree = "<group>";
		};
		6B6800271AD350BE00A53032 /* Supporting Files */ = {
			isa = PBXGroup;
			children = (
				6B6800281AD350BE00A53032 /* Info.plist */,
				6B6800291AD350BE00A53032 /* main.m */,
			);
			name = "Supporting Files";
			sourceTree = "<group>";
		};
		6B6800401AD350BE00A53032 /* POC_ParsePhotoTests */ = {
			isa = PBXGroup;
			children = (
				6B6800431AD350BE00A53032 /* POC_ParsePhotoTests.m */,
				6B6800411AD350BE00A53032 /* Supporting Files */,
			);
			path = POC_ParsePhotoTests;
			sourceTree = "<group>";
		};
		6B6800411AD350BE00A53032 /* Supporting Files */ = {
			isa = PBXGroup;
			children = (
				6B6800421AD350BE00A53032 /* Info.plist */,
			);
			name = "Supporting Files";
			sourceTree = "<group>";
		};
		6B68004D1AD350DC00A53032 /* parse-library-1.7.1 */ = {
			isa = PBXGroup;
			children = (
				6B68004E1AD350DC00A53032 /* Bolts.framework */,
				6B68004F1AD350DC00A53032 /* Parse.framework */,
				6B6800501AD350DC00A53032 /* ParseCrashReporting.framework */,
				6B6800511AD350DC00A53032 /* ParseFacebookUtils.framework */,
				6B6800521AD350DC00A53032 /* ParseFacebookUtilsV4.framework */,
				6B6800531AD350DC00A53032 /* ParseUI.framework */,
			);
			path = "parse-library-1.7.1";
			sourceTree = "<group>";
		};
/* End PBXGroup section */

/* Begin PBXNativeTarget section */
		6B6800231AD350BE00A53032 /* POC_ParsePhoto */ = {
			isa = PBXNativeTarget;
			buildConfigurationList = 6B6800471AD350BE00A53032 /* Build configuration list for PBXNativeTarget "POC_ParsePhoto" */;
			buildPhases = (
				6B6800201AD350BE00A53032 /* Sources */,
				6B6800211AD350BE00A53032 /* Frameworks */,
				6B6800221AD350BE00A53032 /* Resources */,
			);
			buildRules = (
			);
			dependencies = (
			);
			name = POC_ParsePhoto;
			productName = POC_ParsePhoto;
			productReference = 6B6800241AD350BE00A53032 /* POC_ParsePhoto.app */;
			productType = "com.apple.product-type.application";
		};
		6B68003C1AD350BE00A53032 /* POC_ParsePhotoTests */ = {
			isa = PBXNativeTarget;
			buildConfigurationList = 6B68004A1AD350BE00A53032 /* Build configuration list for PBXNativeTarget "POC_ParsePhotoTests" */;
			buildPhases = (
				6B6800391AD350BE00A53032 /* Sources */,
				6B68003A1AD350BE00A53032 /* Frameworks */,
				6B68003B1AD350BE00A53032 /* Resources */,
			);
			buildRules = (
			);
			dependencies = (
				6B68003F1AD350BE00A53032 /* PBXTargetDependency */,
			);
			name = POC_ParsePhotoTests;
			productName = POC_ParsePhotoTests;
			productReference = 6B68003D1AD350BE00A53032 /* POC_ParsePhotoTests.xctest */;
			productType = "com.apple.product-type.bundle.unit-test";
		};
/* End PBXNativeTarget section */

/* Begin PBXProject section */
		6B68001C1AD350BE00A53032 /* Project object */ = {
			isa = PBXProject;
			attributes = {
				LastUpgradeCheck = 0620;
				ORGANIZATIONNAME = "Mick Lerche";
				TargetAttributes = {
					6B6800231AD350BE00A53032 = {
						CreatedOnToolsVersion = 6.2;
						DevelopmentTeam = QGEUNUGB27;
					};
					6B68003C1AD350BE00A53032 = {
						CreatedOnToolsVersion = 6.2;
						TestTargetID = 6B6800231AD350BE00A53032;
					};
				};
			};
			buildConfigurationList = 6B68001F1AD350BE00A53032 /* Build configuration list for PBXProject "POC_ParsePhoto" */;
			compatibilityVersion = "Xcode 3.2";
			developmentRegion = English;
			hasScannedForEncodings = 0;
			knownRegions = (
				en,
				Base,
			);
			mainGroup = 6B68001B1AD350BE00A53032;
			productRefGroup = 6B6800251AD350BE00A53032 /* Products */;
			projectDirPath = "";
			projectRoot = "";
			targets = (
				6B6800231AD350BE00A53032 /* POC_ParsePhoto */,
				6B68003C1AD350BE00A53032 /* POC_ParsePhotoTests */,
			);
		};
/* End PBXProject section */

/* Begin PBXResourcesBuildPhase section */
		6B6800221AD350BE00A53032 /* Resources */ = {
			isa = PBXResourcesBuildPhase;
			buildActionMask = 2147483647;
			files = (
				6B6800331AD350BE00A53032 /* Main.storyboard in Resources */,
				6B6800381AD350BE00A53032 /* LaunchScreen.xib in Resources */,
				6B6800351AD350BE00A53032 /* Images.xcassets in Resources */,
			);
			runOnlyForDeploymentPostprocessing = 0;
		};
		6B68003B1AD350BE00A53032 /* Resources */ = {
			isa = PBXResourcesBuildPhase;
			buildActionMask = 2147483647;
			files = (
			);
			runOnlyForDeploymentPostprocessing = 0;
		};
/* End PBXResourcesBuildPhase section */

/* Begin PBXSourcesBuildPhase section */
		6B6800201AD350BE00A53032 /* Sources */ = {
			isa = PBXSourcesBuildPhase;
			buildActionMask = 2147483647;
			files = (
				6B6800301AD350BE00A53032 /* ViewController.m in Sources */,
				6B6800721AD4199500A53032 /* PCPhoto.m in Sources */,
				6B68002D1AD350BE00A53032 /* AppDelegate.m in Sources */,
				6B68002A1AD350BE00A53032 /* main.m in Sources */,
			);
			runOnlyForDeploymentPostprocessing = 0;
		};
		6B6800391AD350BE00A53032 /* Sources */ = {
			isa = PBXSourcesBuildPhase;
			buildActionMask = 2147483647;
			files = (
				6B6800441AD350BE00A53032 /* POC_ParsePhotoTests.m in Sources */,
			);
			runOnlyForDeploymentPostprocessing = 0;
		};
/* End PBXSourcesBuildPhase section */

/* Begin PBXTargetDependency section */
		6B68003F1AD350BE00A53032 /* PBXTargetDependency */ = {
			isa = PBXTargetDependency;
			target = 6B6800231AD350BE00A53032 /* POC_ParsePhoto */;
			targetProxy = 6B68003E1AD350BE00A53032 /* PBXContainerItemProxy */;
		};
/* End PBXTargetDependency section */

/* Begin PBXVariantGroup section */
		6B6800311AD350BE00A53032 /* Main.storyboard */ = {
			isa = PBXVariantGroup;
			children = (
				6B6800321AD350BE00A53032 /* Base */,
			);
			name = Main.storyboard;
			sourceTree = "<group>";
		};
		6B6800361AD350BE00A53032 /* LaunchScreen.xib */ = {
			isa = PBXVariantGroup;
			children = (
				6B6800371AD350BE00A53032 /* Base */,
			);
			name = LaunchScreen.xib;
			sourceTree = "<group>";
		};
/* End PBXVariantGroup section */

/* Begin XCBuildConfiguration section */
		6B6800451AD350BE00A53032 /* Debug */ = {
			isa = XCBuildConfiguration;
			buildSettings = {
				ALWAYS_SEARCH_USER_PATHS = NO;
				CLANG_CXX_LANGUAGE_STANDARD = "gnu++0x";
				CLANG_CXX_LIBRARY = "libc++";
				CLANG_ENABLE_MODULES = YES;
				CLANG_ENABLE_OBJC_ARC = YES;
				CLANG_WARN_BOOL_CONVERSION = YES;
				CLANG_WARN_CONSTANT_CONVERSION = YES;
				CLANG_WARN_DIRECT_OBJC_ISA_USAGE = YES_ERROR;
				CLANG_WARN_EMPTY_BODY = YES;
				CLANG_WARN_ENUM_CONVERSION = YES;
				CLANG_WARN_INT_CONVERSION = YES;
				CLANG_WARN_OBJC_ROOT_CLASS = YES_ERROR;
				CLANG_WARN_UNREACHABLE_CODE = YES;
				CLANG_WARN__DUPLICATE_METHOD_MATCH = YES;
				"CODE_SIGN_IDENTITY[sdk=iphoneos*]" = "iPhone Developer";
				COPY_PHASE_STRIP = NO;
				ENABLE_STRICT_OBJC_MSGSEND = YES;
				GCC_C_LANGUAGE_STANDARD = gnu99;
				GCC_DYNAMIC_NO_PIC = NO;
				GCC_OPTIMIZATION_LEVEL = 0;
				GCC_PREPROCESSOR_DEFINITIONS = (
					"DEBUG=1",
					"$(inherited)",
				);
				GCC_SYMBOLS_PRIVATE_EXTERN = NO;
				GCC_WARN_64_TO_32_BIT_CONVERSION = YES;
				GCC_WARN_ABOUT_RETURN_TYPE = YES_ERROR;
				GCC_WARN_UNDECLARED_SELECTOR = YES;
				GCC_WARN_UNINITIALIZED_AUTOS = YES_AGGRESSIVE;
				GCC_WARN_UNUSED_FUNCTION = YES;
				GCC_WARN_UNUSED_VARIABLE = YES;
				IPHONEOS_DEPLOYMENT_TARGET = 8.2;
				MTL_ENABLE_DEBUG_INFO = YES;
				ONLY_ACTIVE_ARCH = YES;
				SDKROOT = iphoneos;
			};
			name = Debug;
		};
		6B6800461AD350BE00A53032 /* Release */ = {
			isa = XCBuildConfiguration;
			buildSettings = {
				ALWAYS_SEARCH_USER_PATHS = NO;
				CLANG_CXX_LANGUAGE_STANDARD = "gnu++0x";
				CLANG_CXX_LIBRARY = "libc++";
				CLANG_ENABLE_MODULES = YES;
				CLANG_ENABLE_OBJC_ARC = YES;
				CLANG_WARN_BOOL_CONVERSION = YES;
				CLANG_WARN_CONSTANT_CONVERSION = YES;
				CLANG_WARN_DIRECT_OBJC_ISA_USAGE = YES_ERROR;
				CLANG_WARN_EMPTY_BODY = YES;
				CLANG_WARN_ENUM_CONVERSION = YES;
				CLANG_WARN_INT_CONVERSION = YES;
				CLANG_WARN_OBJC_ROOT_CLASS = YES_ERROR;
				CLANG_WARN_UNREACHABLE_CODE = YES;
				CLANG_WARN__DUPLICATE_METHOD_MATCH = YES;
				"CODE_SIGN_IDENTITY[sdk=iphoneos*]" = "iPhone Developer";
				COPY_PHASE_STRIP = NO;
				ENABLE_NS_ASSERTIONS = NO;
				ENABLE_STRICT_OBJC_MSGSEND = YES;
				GCC_C_LANGUAGE_STANDARD = gnu99;
				GCC_WARN_64_TO_32_BIT_CONVERSION = YES;
				GCC_WARN_ABOUT_RETURN_TYPE = YES_ERROR;
				GCC_WARN_UNDECLARED_SELECTOR = YES;
				GCC_WARN_UNINITIALIZED_AUTOS = YES_AGGRESSIVE;
				GCC_WARN_UNUSED_FUNCTION = YES;
				GCC_WARN_UNUSED_VARIABLE = YES;
				IPHONEOS_DEPLOYMENT_TARGET = 8.2;
				MTL_ENABLE_DEBUG_INFO = NO;
				SDKROOT = iphoneos;
				VALIDATE_PRODUCT = YES;
			};
			name = Release;
		};
		6B6800481AD350BE00A53032 /* Debug */ = {
			isa = XCBuildConfiguration;
			buildSettings = {
				ASSETCATALOG_COMPILER_APPICON_NAME = AppIcon;
				CODE_SIGN_IDENTITY = "iPhone Developer";
				FRAMEWORK_SEARCH_PATHS = (
					"$(inherited)",
					"$(PROJECT_DIR)/POC_ParsePhoto/parse-library-1.7.1",
				);
				INFOPLIST_FILE = POC_ParsePhoto/Info.plist;
				LD_RUNPATH_SEARCH_PATHS = "$(inherited) @executable_path/Frameworks";
				PRODUCT_NAME = "$(TARGET_NAME)";
			};
			name = Debug;
		};
		6B6800491AD350BE00A53032 /* Release */ = {
			isa = XCBuildConfiguration;
			buildSettings = {
				ASSETCATALOG_COMPILER_APPICON_NAME = AppIcon;
				CODE_SIGN_IDENTITY = "iPhone Developer";
				FRAMEWORK_SEARCH_PATHS = (
					"$(inherited)",
					"$(PROJECT_DIR)/POC_ParsePhoto/parse-library-1.7.1",
				);
				INFOPLIST_FILE = POC_ParsePhoto/Info.plist;
				LD_RUNPATH_SEARCH_PATHS = "$(inherited) @executable_path/Frameworks";
				PRODUCT_NAME = "$(TARGET_NAME)";
			};
			name = Release;
		};
		6B68004B1AD350BE00A53032 /* Debug */ = {
			isa = XCBuildConfiguration;
			buildSettings = {
				BUNDLE_LOADER = "$(TEST_HOST)";
				FRAMEWORK_SEARCH_PATHS = (
					"$(SDKROOT)/Developer/Library/Frameworks",
					"$(inherited)",
				);
				GCC_PREPROCESSOR_DEFINITIONS = (
					"DEBUG=1",
					"$(inherited)",
				);
				INFOPLIST_FILE = POC_ParsePhotoTests/Info.plist;
				LD_RUNPATH_SEARCH_PATHS = "$(inherited) @executable_path/Frameworks @loader_path/Frameworks";
				PRODUCT_NAME = "$(TARGET_NAME)";
				TEST_HOST = "$(BUILT_PRODUCTS_DIR)/POC_ParsePhoto.app/POC_ParsePhoto";
			};
			name = Debug;
		};
		6B68004C1AD350BE00A53032 /* Release */ = {
			isa = XCBuildConfiguration;
			buildSettings = {
				BUNDLE_LOADER = "$(TEST_HOST)";
				FRAMEWORK_SEARCH_PATHS = (
					"$(SDKROOT)/Developer/Library/Frameworks",
					"$(inherited)",
				);
				INFOPLIST_FILE = POC_ParsePhotoTests/Info.plist;
				LD_RUNPATH_SEARCH_PATHS = "$(inherited) @executable_path/Frameworks @loader_path/Frameworks";
				PRODUCT_NAME = "$(TARGET_NAME)";
				TEST_HOST = "$(BUILT_PRODUCTS_DIR)/POC_ParsePhoto.app/POC_ParsePhoto";
			};
			name = Release;
		};
/* End XCBuildConfiguration section */

/* Begin XCConfigurationList section */
		6B68001F1AD350BE00A53032 /* Build configuration list for PBXProject "POC_ParsePhoto" */ = {
			isa = XCConfigurationList;
			buildConfigurations = (
				6B6800451AD350BE00A53032 /* Debug */,
				6B6800461AD350BE00A53032 /* Release */,
			);
			defaultConfigurationIsVisible = 0;
			defaultConfigurationName = Release;
		};
		6B6800471AD350BE00A53032 /* Build configuration list for PBXNativeTarget "POC_ParsePhoto" */ = {
			isa = XCConfigurationList;
			buildConfigurations = (
				6B6800481AD350BE00A53032 /* Debug */,
				6B6800491AD350BE00A53032 /* Release */,
			);
			defaultConfigurationIsVisible = 0;
		};
		6B68004A1AD350BE00A53032 /* Build configuration list for PBXNativeTarget "POC_ParsePhotoTests" */ = {
			isa = XCConfigurationList;
			buildConfigurations = (
				6B68004B1AD350BE00A53032 /* Debug */,
				6B68004C1AD350BE00A53032 /* Release */,
			);
			defaultConfigurationIsVisible = 0;
		};
/* End XCConfigurationList section */
	};
	rootObject = 6B68001C1AD350BE00A53032 /* Project object */;
}
